
Microsoft Visual Studio Solution File, Format Version 12.00
# Visual Studio Version 17
VisualStudioVersion = 17.13.35828.75
MinimumVisualStudioVersion = 10.0.40219.1
Project("{FAE04EC0-301F-11D3-BF4B-00C04F79EFBC}") = "WaitForOTP", "WaitForOTP\WaitForOTP.csproj", "{AC24F874-8CCA-4954-B17B-49AF9136E8BF}"
EndProject
Project("{2150E333-8FDC-42A3-9474-1A3956D46DE8}") = "Solution Items", "Solution Items", "{8EC462FD-D22E-90A8-E5CE-7E832BA40C5D}"
	ProjectSection(SolutionItems) = preProject
		ReadMe.txt = ReadMe.txt
	EndProjectSection
EndProject
Project("{FAE04EC0-301F-11D3-BF4B-00C04F79EFBC}") = "WaitForOTPThreads", "WaitForOTPThreads\WaitForOTPThreads.csproj", "{07683D8D-72F4-4F2F-A291-05B3D6C9143D}"
EndProject
Global
	GlobalSection(SolutionConfigurationPlatforms) = preSolution
		Debug|Any CPU = Debug|Any CPU
		Release|Any CPU = Release|Any CPU
	EndGlobalSection
	GlobalSection(ProjectConfigurationPlatforms) = postSolution
		{AC24F874-8CCA-4954-B17B-49AF9136E8BF}.Debug|Any CPU.ActiveCfg = Debug|Any CPU
		{AC24F874-8CCA-4954-B17B-49AF9136E8BF}.Debug|Any CPU.Build.0 = Debug|Any CPU
		{AC24F874-8CCA-4954-B17B-49AF9136E8BF}.Release|Any CPU.ActiveCfg = Release|Any CPU
		{AC24F874-8CCA-4954-B17B-49AF9136E8BF}.Release|Any CPU.Build.0 = Release|Any CPU
		{07683D8D-72F4-4F2F-A291-05B3D6C9143D}.Debug|Any CPU.ActiveCfg = Debug|Any CPU
		{07683D8D-72F4-4F2F-A291-05B3D6C9143D}.Debug|Any CPU.Build.0 = Debug|Any CPU
		{07683D8D-72F4-4F2F-A291-05B3D6C9143D}.Release|Any CPU.ActiveCfg = Release|Any CPU
		{07683D8D-72F4-4F2F-A291-05B3D6C9143D}.Release|Any CPU.Build.0 = Release|Any CPU
	EndGlobalSection
	GlobalSection(SolutionProperties) = preSolution
		HideSolutionNode = FALSE
	EndGlobalSection
	GlobalSection(ExtensibilityGlobals) = postSolution
		SolutionGuid = {9E8F725F-4BF1-4423-ACEA-3F56AB99E9BB}
	EndGlobalSection
EndGlobal
